
Microsoft Visual Studio Solution File, Format Version 10.00
# Visual C++ Express 2008
Project("{8BC9CEB8-8B4A-11D0-8D11-00A0C91BC942}") = "AVRProject", "AVRProject.vcproj", "{8E03E30B-17D3-402F-BF11-ECA9BF0772E9}"
EndProject
Global
	GlobalSection(SolutionConfigurationPlatforms) = preSolution
		Debug|AVR = Debug|AVR
		Debug|Win32 = Debug|Win32
		Release|AVR = Release|AVR
		Release|Win32 = Release|Win32
	EndGlobalSection
	GlobalSection(ProjectConfigurationPlatforms) = postSolution
		{8E03E30B-17D3-402F-BF11-ECA9BF0772E9}.Debug|AVR.ActiveCfg = Debug|Win32
		{8E03E30B-17D3-402F-BF11-ECA9BF0772E9}.Debug|AVR.Build.0 = Debug|Win32
		{8E03E30B-17D3-402F-BF11-ECA9BF0772E9}.Debug|Win32.ActiveCfg = Debug|Win32
		{8E03E30B-17D3-402F-BF11-ECA9BF0772E9}.Debug|Win32.Build.0 = Debug|Win32
		{8E03E30B-17D3-402F-BF11-ECA9BF0772E9}.Release|AVR.ActiveCfg = Release|Win32
		{8E03E30B-17D3-402F-BF11-ECA9BF0772E9}.Release|AVR.Build.0 = Release|Win32
		{8E03E30B-17D3-402F-BF11-ECA9BF0772E9}.Release|Win32.ActiveCfg = Release|Win32
		{8E03E30B-17D3-402F-BF11-ECA9BF0772E9}.Release|Win32.Build.0 = Release|Win32
	EndGlobalSection
	GlobalSection(SolutionProperties) = preSolution
		HideSolutionNode = FALSE
	EndGlobalSection
EndGlobal
